{
  "name": "monitor-proposicoes-es",
  "version": "1.0.0",
  "lockfileVersion": 3,
  "requires": true,
  "packages": {
    "": {
      "name": "monitor-proposicoes-es",
      "version": "1.0.0",
      "dependencies": {
        "nodemailer": "^6.9.0",
        "undici": "^8.0.2"
      }
    },
    "node_modules/nodemailer": {
      "version": "6.10.1",
      "resolved": "https://registry.npmjs.org/nodemailer/-/nodemailer-6.10.1.tgz",
      "integrity": "sha512-Z+iLaBGVaSjbIzQ4pX6XV41HrooLsQ10ZWPUehGmuantvzWoDVBnmsdUcOIDM1t+yPor5pDhVlDESgOMEGxhHA==",
      "license": "MIT-0",
      "engines": {
        "node": ">=6.0.0"
      }
    },
    "node_modules/undici": {
      "version": "8.0.2",
      "resolved": "https://registry.npmjs.org/undici/-/undici-8.0.2.tgz",
      "integrity": "sha512-B9MeU5wuFhkFAuNeA19K2GDFcQXZxq33fL0nRy2Aq30wdufZbyyvxW3/ChaeipXVfy/wUweZyzovQGk39+9k2w==",
      "license": "MIT",
      "engines": {
        "node": ">=22.19.0"
      }
    }
  }
}
